
Microsoft Visual Studio Solution File, Format Version 12.00
# Visual Studio Version 17
VisualStudioVersion = 17.3.32811.315
MinimumVisualStudioVersion = 10.0.40219.1
Project("{9A19103F-16F7-4668-BE54-9A1E7A4F7556}") = "Business", "Business\Business.csproj", "{E75C6841-A3CE-486D-A981-CD5E27BC7120}"
EndProject
Project("{9A19103F-16F7-4668-BE54-9A1E7A4F7556}") = "Core", "Core\Core.csproj", "{38B961D6-C86D-4C97-9821-26BC63EC60BB}"
EndProject
Project("{9A19103F-16F7-4668-BE54-9A1E7A4F7556}") = "DataAccess", "DataAccess\DataAccess.csproj", "{DA53624D-382C-4892-834B-7D5B7EFAA05F}"
EndProject
Project("{9A19103F-16F7-4668-BE54-9A1E7A4F7556}") = "Entities", "Entities\Entities.csproj", "{E4351472-1E63-4057-91AA-136BA3B94C89}"
EndProject
Project("{9A19103F-16F7-4668-BE54-9A1E7A4F7556}") = "WebApi", "WebApi\WebApi.csproj", "{3B6F1B79-278B-4A17-BB6E-9A15C88B19D4}"
EndProject
Global
	GlobalSection(SolutionConfigurationPlatforms) = preSolution
		Debug|Any CPU = Debug|Any CPU
		Release|Any CPU = Release|Any CPU
	EndGlobalSection
	GlobalSection(ProjectConfigurationPlatforms) = postSolution
		{E75C6841-A3CE-486D-A981-CD5E27BC7120}.Debug|Any CPU.ActiveCfg = Debug|Any CPU
		{E75C6841-A3CE-486D-A981-CD5E27BC7120}.Debug|Any CPU.Build.0 = Debug|Any CPU
		{E75C6841-A3CE-486D-A981-CD5E27BC7120}.Release|Any CPU.ActiveCfg = Release|Any CPU
		{E75C6841-A3CE-486D-A981-CD5E27BC7120}.Release|Any CPU.Build.0 = Release|Any CPU
		{38B961D6-C86D-4C97-9821-26BC63EC60BB}.Debug|Any CPU.ActiveCfg = Debug|Any CPU
		{38B961D6-C86D-4C97-9821-26BC63EC60BB}.Debug|Any CPU.Build.0 = Debug|Any CPU
		{38B961D6-C86D-4C97-9821-26BC63EC60BB}.Release|Any CPU.ActiveCfg = Release|Any CPU
		{38B961D6-C86D-4C97-9821-26BC63EC60BB}.Release|Any CPU.Build.0 = Release|Any CPU
		{DA53624D-382C-4892-834B-7D5B7EFAA05F}.Debug|Any CPU.ActiveCfg = Debug|Any CPU
		{DA53624D-382C-4892-834B-7D5B7EFAA05F}.Debug|Any CPU.Build.0 = Debug|Any CPU
		{DA53624D-382C-4892-834B-7D5B7EFAA05F}.Release|Any CPU.ActiveCfg = Release|Any CPU
		{DA53624D-382C-4892-834B-7D5B7EFAA05F}.Release|Any CPU.Build.0 = Release|Any CPU
		{E4351472-1E63-4057-91AA-136BA3B94C89}.Debug|Any CPU.ActiveCfg = Debug|Any CPU
		{E4351472-1E63-4057-91AA-136BA3B94C89}.Debug|Any CPU.Build.0 = Debug|Any CPU
		{E4351472-1E63-4057-91AA-136BA3B94C89}.Release|Any CPU.ActiveCfg = Release|Any CPU
		{E4351472-1E63-4057-91AA-136BA3B94C89}.Release|Any CPU.Build.0 = Release|Any CPU
		{3B6F1B79-278B-4A17-BB6E-9A15C88B19D4}.Debug|Any CPU.ActiveCfg = Debug|Any CPU
		{3B6F1B79-278B-4A17-BB6E-9A15C88B19D4}.Debug|Any CPU.Build.0 = Debug|Any CPU
		{3B6F1B79-278B-4A17-BB6E-9A15C88B19D4}.Release|Any CPU.ActiveCfg = Release|Any CPU
		{3B6F1B79-278B-4A17-BB6E-9A15C88B19D4}.Release|Any CPU.Build.0 = Release|Any CPU
	EndGlobalSection
	GlobalSection(SolutionProperties) = preSolution
		HideSolutionNode = FALSE
	EndGlobalSection
	GlobalSection(ExtensibilityGlobals) = postSolution
		SolutionGuid = {8D0F6C1C-5EB9-4C51-8B38-C6A603DA11FA}
	EndGlobalSection
EndGlobal
